
Microsoft Visual Studio Solution File, Format Version 12.00
# Visual Studio Version 17
VisualStudioVersion = 17.6.33829.357
MinimumVisualStudioVersion = 10.0.40219.1
Project("{FAE04EC0-301F-11D3-BF4B-00C04F79EFBC}") = "SistemaCadastroDeContatos", "SistemaCadastroDeContatos\SistemaCadastroDeContatos.csproj", "{54432979-5A46-4649-B65D-E3BDEDEA9717}"
EndProject
Global
	GlobalSection(SolutionConfigurationPlatforms) = preSolution
		Debug|Any CPU = Debug|Any CPU
		Release|Any CPU = Release|Any CPU
	EndGlobalSection
	GlobalSection(ProjectConfigurationPlatforms) = postSolution
		{54432979-5A46-4649-B65D-E3BDEDEA9717}.Debug|Any CPU.ActiveCfg = Debug|Any CPU
		{54432979-5A46-4649-B65D-E3BDEDEA9717}.Debug|Any CPU.Build.0 = Debug|Any CPU
		{54432979-5A46-4649-B65D-E3BDEDEA9717}.Release|Any CPU.ActiveCfg = Release|Any CPU
		{54432979-5A46-4649-B65D-E3BDEDEA9717}.Release|Any CPU.Build.0 = Release|Any CPU
	EndGlobalSection
	GlobalSection(SolutionProperties) = preSolution
		HideSolutionNode = FALSE
	EndGlobalSection
	GlobalSection(ExtensibilityGlobals) = postSolution
		SolutionGuid = {64662FAA-1D3C-4F40-A0C0-19477ABAFC80}
	EndGlobalSection
EndGlobal
